
Microsoft Visual Studio Solution File, Format Version 12.00
# Visual Studio Version 16
VisualStudioVersion = 16.0.30011.22
MinimumVisualStudioVersion = 10.0.40219.1
Project("{FAE04EC0-301F-11D3-BF4B-00C04F79EFBC}") = "PWebMasterApp", "PWebMasterApp.csproj", "{BFCA9EC4-FC55-430E-9600-7DC53BC6BF2D}"
EndProject
Global
	GlobalSection(SolutionConfigurationPlatforms) = preSolution
		Debug|Any CPU = Debug|Any CPU
		Release|Any CPU = Release|Any CPU
	EndGlobalSection
	GlobalSection(ProjectConfigurationPlatforms) = postSolution
		{BFCA9EC4-FC55-430E-9600-7DC53BC6BF2D}.Debug|Any CPU.ActiveCfg = Debug|Any CPU
		{BFCA9EC4-FC55-430E-9600-7DC53BC6BF2D}.Debug|Any CPU.Build.0 = Debug|Any CPU
		{BFCA9EC4-FC55-430E-9600-7DC53BC6BF2D}.Release|Any CPU.ActiveCfg = Release|Any CPU
		{BFCA9EC4-FC55-430E-9600-7DC53BC6BF2D}.Release|Any CPU.Build.0 = Release|Any CPU
	EndGlobalSection
	GlobalSection(SolutionProperties) = preSolution
		HideSolutionNode = FALSE
	EndGlobalSection
	GlobalSection(ExtensibilityGlobals) = postSolution
		SolutionGuid = {62249931-9E34-4B22-9038-4BFDF0E18D11}
	EndGlobalSection
EndGlobal
